
Microsoft Visual Studio Solution File, Format Version 12.00
# Visual Studio Version 17
VisualStudioVersion = 17.8.34330.188
MinimumVisualStudioVersion = 10.0.40219.1
Project("{FAE04EC0-301F-11D3-BF4B-00C04F79EFBC}") = "Dtc225180229", "Dtc225180229\Dtc225180229.csproj", "{DDDE4A22-34C1-40D3-90E9-C6A78CABAE65}"
EndProject
Global
	GlobalSection(SolutionConfigurationPlatforms) = preSolution
		Debug|Any CPU = Debug|Any CPU
		Release|Any CPU = Release|Any CPU
	EndGlobalSection
	GlobalSection(ProjectConfigurationPlatforms) = postSolution
		{DDDE4A22-34C1-40D3-90E9-C6A78CABAE65}.Debug|Any CPU.ActiveCfg = Debug|Any CPU
		{DDDE4A22-34C1-40D3-90E9-C6A78CABAE65}.Debug|Any CPU.Build.0 = Debug|Any CPU
		{DDDE4A22-34C1-40D3-90E9-C6A78CABAE65}.Release|Any CPU.ActiveCfg = Release|Any CPU
		{DDDE4A22-34C1-40D3-90E9-C6A78CABAE65}.Release|Any CPU.Build.0 = Release|Any CPU
	EndGlobalSection
	GlobalSection(SolutionProperties) = preSolution
		HideSolutionNode = FALSE
	EndGlobalSection
	GlobalSection(ExtensibilityGlobals) = postSolution
		SolutionGuid = {9F6FAF6C-0612-434F-BF1F-F8D1A7F86BD5}
	EndGlobalSection
EndGlobal
